# -------------------------------------------------------------------------- #
#
# Copyright (C) 1991-2010 Altera Corporation
# Your use of Altera Corporation's design tools, logic functions 
# and other software and tools, and its AMPP partner logic 
# functions, and any output files from any of the foregoing 
# (including device programming or simulation files), and any 
# associated documentation or information are expressly subject 
# to the terms and conditions of the Altera Program License 
# Subscription Agreement, Altera MegaCore Function License 
# Agreement, or other applicable license agreement, including, 
# without limitation, that your use is for the sole purpose of 
# programming logic devices manufactured by Altera and sold by 
# Altera or its authorized distributors.  Please refer to the 
# applicable agreement for further details.
#
# -------------------------------------------------------------------------- #
#
# Quartus II
# Version 9.1 Build 350 03/24/2010 Service Pack 2 SJ Web Edition
# Date created = 01:17:57  May 28, 2024
#
# -------------------------------------------------------------------------- #
#
# Notes:
#
# 1) The default values for assignments are stored in the file:
#		lamp_assignment_defaults.qdf
#    If this file doesn't exist, see file:
#		assignment_defaults.qdf
#
# 2) Altera recommends that you do not modify this file. This
#    file is updated automatically by the Quartus II software
#    and any changes you make may be lost or overwritten.
#
# -------------------------------------------------------------------------- #


set_global_assignment -name FAMILY "Cyclone IV E"
set_global_assignment -name DEVICE EP4CE6F17C8
set_global_assignment -name TOP_LEVEL_ENTITY lamp
set_global_assignment -name ORIGINAL_QUARTUS_VERSION "9.1 SP2"
set_global_assignment -name PROJECT_CREATION_TIME_DATE "01:17:57  MAY 28, 2024"
set_global_assignment -name LAST_QUARTUS_VERSION "9.1 SP2"
set_global_assignment -name USE_GENERATED_PHYSICAL_CONSTRAINTS OFF -section_id eda_blast_fpga
set_global_assignment -name MIN_CORE_JUNCTION_TEMP 0
set_global_assignment -name MAX_CORE_JUNCTION_TEMP 85
set_global_assignment -name NOMINAL_CORE_SUPPLY_VOLTAGE 1.2V
set_global_assignment -name BDF_FILE green.bdf
set_global_assignment -name VECTOR_WAVEFORM_FILE green.vwf
set_global_assignment -name SIMULATION_MODE FUNCTIONAL
set_global_assignment -name BDF_FILE control.bdf
set_global_assignment -name VECTOR_WAVEFORM_FILE control.vwf
set_global_assignment -name BDF_FILE yellow.bdf
set_global_assignment -name VECTOR_WAVEFORM_FILE yellow.vwf
set_global_assignment -name BDF_FILE red.bdf
set_global_assignment -name VECTOR_WAVEFORM_FILE red.vwf
set_global_assignment -name BDF_FILE southeast.bdf
set_global_assignment -name VECTOR_WAVEFORM_FILE southeast.vwf
set_global_assignment -name BDF_FILE northwest.bdf
set_global_assignment -name VECTOR_WAVEFORM_FILE northwest.vwf
set_global_assignment -name BDF_FILE lamp.bdf
set_global_assignment -name PARTITION_NETLIST_TYPE SOURCE -section_id Top
set_global_assignment -name PARTITION_COLOR 16764057 -section_id Top
set_global_assignment -name LL_ROOT_REGION ON -section_id "Root Region"
set_global_assignment -name LL_MEMBER_STATE LOCKED -section_id "Root Region"
set_global_assignment -name VECTOR_WAVEFORM_FILE lamp.vwf
set_global_assignment -name INCREMENTAL_VECTOR_INPUT_SOURCE lamp.vwf
set_global_assignment -name USE_CONFIGURATION_DEVICE OFF
set_global_assignment -name MISC_FILE "C:/Users/lenovo/Desktop/lamp/lamp.dpf"
set_global_assignment -name STRATIX_DEVICE_IO_STANDARD "2.5 V"
set_location_assignment PIN_R1 -to A1
set_location_assignment PIN_R3 -to A2
set_location_assignment PIN_R4 -to A3
set_location_assignment PIN_R5 -to A4
set_location_assignment PIN_R7 -to A5
set_location_assignment PIN_N3 -to A6
set_location_assignment PIN_N5 -to A7
set_location_assignment PIN_C6 -to A8
set_location_assignment PIN_D5 -to B1
set_location_assignment PIN_D4 -to B2
set_location_assignment PIN_B1 -to B3
set_location_assignment PIN_F2 -to B4
set_location_assignment PIN_J1 -to B5
set_location_assignment PIN_K1 -to B6
set_location_assignment PIN_L1 -to B7
set_location_assignment PIN_B6 -to B8
set_location_assignment PIN_G1 -to CLK
set_instance_assignment -name PARTITION_HIERARCHY root_partition -to | -section_id Top